
Microsoft Visual Studio Solution File, Format Version 12.00
# Visual Studio Version 17
VisualStudioVersion = 17.6.33815.320
MinimumVisualStudioVersion = 10.0.40219.1
Project("{FAE04EC0-301F-11D3-BF4B-00C04F79EFBC}") = "HoodWink", "HoodWink\HoodWink.csproj", "{50BD7CED-6E38-46EA-978E-1E416BB02E28}"
EndProject
Global
	GlobalSection(SolutionConfigurationPlatforms) = preSolution
		Debug|Any CPU = Debug|Any CPU
		Release|Any CPU = Release|Any CPU
	EndGlobalSection
	GlobalSection(ProjectConfigurationPlatforms) = postSolution
		{50BD7CED-6E38-46EA-978E-1E416BB02E28}.Debug|Any CPU.ActiveCfg = Debug|Any CPU
		{50BD7CED-6E38-46EA-978E-1E416BB02E28}.Debug|Any CPU.Build.0 = Debug|Any CPU
		{50BD7CED-6E38-46EA-978E-1E416BB02E28}.Release|Any CPU.ActiveCfg = Release|Any CPU
		{50BD7CED-6E38-46EA-978E-1E416BB02E28}.Release|Any CPU.Build.0 = Release|Any CPU
	EndGlobalSection
	GlobalSection(SolutionProperties) = preSolution
		HideSolutionNode = FALSE
	EndGlobalSection
	GlobalSection(ExtensibilityGlobals) = postSolution
		SolutionGuid = {58AF73E4-9CFB-4EC9-897F-756AC7202CB4}
	EndGlobalSection
EndGlobal
